// !$*UTF8*$!
{
	archiveVersion = 1;
	classes = {
	};
	objectVersion = 50;
	objects = {

/* Begin PBXFileReference section */
		585DDB55221F9D7D002F3177 /* Project1_SP19.playground */ = {isa = PBXFileReference; lastKnownFileType = file.playground; name = Project1_SP19.playground; path = ../Project1_SP19.playground; sourceTree = "<group>"; xcLanguageSpecificationIdentifier = xcode.lang.swift; };
/* End PBXFileReference section */

/* Begin PBXGroup section */
		585DDB4E221F9D36002F3177 = {
			isa = PBXGroup;
			children = (
				585DDB55221F9D7D002F3177 /* Project1_SP19.playground */,
			);
			sourceTree = "<group>";
		};
/* End PBXGroup section */

/* Begin PBXProject section */
		585DDB4F221F9D36002F3177 /* Project object */ = {
			isa = PBXProject;
			attributes = {
				LastUpgradeCheck = 1010;
			};
			buildConfigurationList = 585DDB52221F9D36002F3177 /* Build configuration list for PBXProject "kc673_p1" */;
			compatibilityVersion = "Xcode 9.3";
			developmentRegion = en;
			hasScannedForEncodings = 0;
			knownRegions = (
				en,
			);
			mainGroup = 585DDB4E221F9D36002F3177;
			projectDirPath = "";
			projectRoot = "";
			targets = (
			);
		};
/* End PBXProject section */

/* Begin XCBuildConfiguration section */
		585DDB53221F9D36002F3177 /* Debug */ = {
			isa = XCBuildConfiguration;
			buildSettings = {
			};
			name = Debug;
		};
		585DDB54221F9D36002F3177 /* Release */ = {
			isa = XCBuildConfiguration;
			buildSettings = {
			};
			name = Release;
		};
/* End XCBuildConfiguration section */

/* Begin XCConfigurationList section */
		585DDB52221F9D36002F3177 /* Build configuration list for PBXProject "kc673_p1" */ = {
			isa = XCConfigurationList;
			buildConfigurations = (
				585DDB53221F9D36002F3177 /* Debug */,
				585DDB54221F9D36002F3177 /* Release */,
			);
			defaultConfigurationIsVisible = 0;
			defaultConfigurationName = Release;
		};
/* End XCConfigurationList section */
	};
	rootObject = 585DDB4F221F9D36002F3177 /* Project object */;
}
